// !$*UTF8*$!
{
	archiveVersion = 1;
	classes = {
	};
	objectVersion = 48;
	objects = {

/* Begin PBXBuildFile section */
		2D60747E51E721E7DF18A50E /* Pods_Firebase_start.framework in Frameworks */ = {isa = PBXBuildFile; fileRef = 5B9782F6F06A029C15D27476 /* Pods_Firebase_start.framework */; };
		A273A669203107DA003EC6F4 /* AppDelegate.swift in Sources */ = {isa = PBXBuildFile; fileRef = A273A668203107DA003EC6F4 /* AppDelegate.swift */; };
		A273A66B203107DA003EC6F4 /* ViewController.swift in Sources */ = {isa = PBXBuildFile; fileRef = A273A66A203107DA003EC6F4 /* ViewController.swift */; };
		A273A66E203107DA003EC6F4 /* Main.storyboard in Resources */ = {isa = PBXBuildFile; fileRef = A273A66C203107DA003EC6F4 /* Main.storyboard */; };
		A273A670203107DA003EC6F4 /* Assets.xcassets in Resources */ = {isa = PBXBuildFile; fileRef = A273A66F203107DA003EC6F4 /* Assets.xcassets */; };
		A273A673203107DA003EC6F4 /* LaunchScreen.storyboard in Resources */ = {isa = PBXBuildFile; fileRef = A273A671203107DA003EC6F4 /* LaunchScreen.storyboard */; };
		A29450AF203118030056D13A /* GoogleService-Info.plist in Resources */ = {isa = PBXBuildFile; fileRef = A29450AE203118030056D13A /* GoogleService-Info.plist */; };
		A29450B120311C050056D13A /* EventBoardViewController.swift in Sources */ = {isa = PBXBuildFile; fileRef = A29450B020311C050056D13A /* EventBoardViewController.swift */; };
		A29450B320312DC50056D13A /* SignUpViewController.swift in Sources */ = {isa = PBXBuildFile; fileRef = A29450B220312DC50056D13A /* SignUpViewController.swift */; };
/* End PBXBuildFile section */

/* Begin PBXFileReference section */
		0086120259B299AA0963A069 /* Pods-Firebase_start.debug.xcconfig */ = {isa = PBXFileReference; includeInIndex = 1; lastKnownFileType = text.xcconfig; name = "Pods-Firebase_start.debug.xcconfig"; path = "Pods/Target Support Files/Pods-Firebase_start/Pods-Firebase_start.debug.xcconfig"; sourceTree = "<group>"; };
		5B9782F6F06A029C15D27476 /* Pods_Firebase_start.framework */ = {isa = PBXFileReference; explicitFileType = wrapper.framework; includeInIndex = 0; path = Pods_Firebase_start.framework; sourceTree = BUILT_PRODUCTS_DIR; };
		800417DBA3ACF23CF604597B /* Pods-Firebase_start.release.xcconfig */ = {isa = PBXFileReference; includeInIndex = 1; lastKnownFileType = text.xcconfig; name = "Pods-Firebase_start.release.xcconfig"; path = "Pods/Target Support Files/Pods-Firebase_start/Pods-Firebase_start.release.xcconfig"; sourceTree = "<group>"; };
		A273A665203107DA003EC6F4 /* Firebase_start.app */ = {isa = PBXFileReference; explicitFileType = wrapper.application; includeInIndex = 0; path = Firebase_start.app; sourceTree = BUILT_PRODUCTS_DIR; };
		A273A668203107DA003EC6F4 /* AppDelegate.swift */ = {isa = PBXFileReference; lastKnownFileType = sourcecode.swift; path = AppDelegate.swift; sourceTree = "<group>"; };
		A273A66A203107DA003EC6F4 /* ViewController.swift */ = {isa = PBXFileReference; lastKnownFileType = sourcecode.swift; path = ViewController.swift; sourceTree = "<group>"; };
		A273A66D203107DA003EC6F4 /* Base */ = {isa = PBXFileReference; lastKnownFileType = file.storyboard; name = Base; path = Base.lproj/Main.storyboard; sourceTree = "<group>"; };
		A273A66F203107DA003EC6F4 /* Assets.xcassets */ = {isa = PBXFileReference; lastKnownFileType = folder.assetcatalog; path = Assets.xcassets; sourceTree = "<group>"; };
		A273A672203107DA003EC6F4 /* Base */ = {isa = PBXFileReference; lastKnownFileType = file.storyboard; name = Base; path = Base.lproj/LaunchScreen.storyboard; sourceTree = "<group>"; };
		A273A674203107DA003EC6F4 /* Info.plist */ = {isa = PBXFileReference; lastKnownFileType = text.plist.xml; path = Info.plist; sourceTree = "<group>"; };
		A29450AE203118030056D13A /* GoogleService-Info.plist */ = {isa = PBXFileReference; fileEncoding = 4; lastKnownFileType = text.plist.xml; path = "GoogleService-Info.plist"; sourceTree = "<group>"; };
		A29450B020311C050056D13A /* EventBoardViewController.swift */ = {isa = PBXFileReference; lastKnownFileType = sourcecode.swift; path = EventBoardViewController.swift; sourceTree = "<group>"; };
		A29450B220312DC50056D13A /* SignUpViewController.swift */ = {isa = PBXFileReference; lastKnownFileType = sourcecode.swift; path = SignUpViewController.swift; sourceTree = "<group>"; };
/* End PBXFileReference section */

/* Begin PBXFrameworksBuildPhase section */
		A273A662203107DA003EC6F4 /* Frameworks */ = {
			isa = PBXFrameworksBuildPhase;
			buildActionMask = 2147483647;
			files = (
				2D60747E51E721E7DF18A50E /* Pods_Firebase_start.framework in Frameworks */,
			);
			runOnlyForDeploymentPostprocessing = 0;
		};
/* End PBXFrameworksBuildPhase section */

/* Begin PBXGroup section */
		8E1031CCE72573F36A55A157 /* Frameworks */ = {
			isa = PBXGroup;
			children = (
				5B9782F6F06A029C15D27476 /* Pods_Firebase_start.framework */,
			);
			name = Frameworks;
			sourceTree = "<group>";
		};
		A273A65C203107DA003EC6F4 = {
			isa = PBXGroup;
			children = (
				A273A667203107DA003EC6F4 /* Firebase_start */,
				A273A666203107DA003EC6F4 /* Products */,
				D8BB201B2C2819864E8DB240 /* Pods */,
				8E1031CCE72573F36A55A157 /* Frameworks */,
			);
			sourceTree = "<group>";
		};
		A273A666203107DA003EC6F4 /* Products */ = {
			isa = PBXGroup;
			children = (
				A273A665203107DA003EC6F4 /* Firebase_start.app */,
			);
			name = Products;
			sourceTree = "<group>";
		};
		A273A667203107DA003EC6F4 /* Firebase_start */ = {
			isa = PBXGroup;
			children = (
				A29450AE203118030056D13A /* GoogleService-Info.plist */,
				A273A668203107DA003EC6F4 /* AppDelegate.swift */,
				A273A66A203107DA003EC6F4 /* ViewController.swift */,
				A273A66C203107DA003EC6F4 /* Main.storyboard */,
				A29450B220312DC50056D13A /* SignUpViewController.swift */,
				A273A66F203107DA003EC6F4 /* Assets.xcassets */,
				A273A671203107DA003EC6F4 /* LaunchScreen.storyboard */,
				A273A674203107DA003EC6F4 /* Info.plist */,
				A29450B020311C050056D13A /* EventBoardViewController.swift */,
			);
			path = Firebase_start;
			sourceTree = "<group>";
		};
		D8BB201B2C2819864E8DB240 /* Pods */ = {
			isa = PBXGroup;
			children = (
				0086120259B299AA0963A069 /* Pods-Firebase_start.debug.xcconfig */,
				800417DBA3ACF23CF604597B /* Pods-Firebase_start.release.xcconfig */,
			);
			name = Pods;
			sourceTree = "<group>";
		};
/* End PBXGroup section */

/* Begin PBXNativeTarget section */
		A273A664203107DA003EC6F4 /* Firebase_start */ = {
			isa = PBXNativeTarget;
			buildConfigurationList = A273A677203107DA003EC6F4 /* Build configuration list for PBXNativeTarget "Firebase_start" */;
			buildPhases = (
				A1BB3FC4CE3B1F5747A2042E /* [CP] Check Pods Manifest.lock */,
				A273A661203107DA003EC6F4 /* Sources */,
				A273A662203107DA003EC6F4 /* Frameworks */,
				A273A663203107DA003EC6F4 /* Resources */,
				A62EB3DD7A9BA4DA1CC2C410 /* [CP] Embed Pods Frameworks */,
				63AEFD607A340950C4701BFA /* [CP] Copy Pods Resources */,
			);
			buildRules = (
			);
			dependencies = (
			);
			name = Firebase_start;
			productName = Firebase_start;
			productReference = A273A665203107DA003EC6F4 /* Firebase_start.app */;
			productType = "com.apple.product-type.application";
		};
/* End PBXNativeTarget section */

/* Begin PBXProject section */
		A273A65D203107DA003EC6F4 /* Project object */ = {
			isa = PBXProject;
			attributes = {
				LastSwiftUpdateCheck = 0920;
				LastUpgradeCheck = 0920;
				ORGANIZATIONNAME = "Zhancheng Song";
				TargetAttributes = {
					A273A664203107DA003EC6F4 = {
						CreatedOnToolsVersion = 9.2;
						ProvisioningStyle = Automatic;
					};
				};
			};
			buildConfigurationList = A273A660203107DA003EC6F4 /* Build configuration list for PBXProject "Firebase_start" */;
			compatibilityVersion = "Xcode 8.0";
			developmentRegion = en;
			hasScannedForEncodings = 0;
			knownRegions = (
				en,
				Base,
			);
			mainGroup = A273A65C203107DA003EC6F4;
			productRefGroup = A273A666203107DA003EC6F4 /* Products */;
			projectDirPath = "";
			projectRoot = "";
			targets = (
				A273A664203107DA003EC6F4 /* Firebase_start */,
			);
		};
/* End PBXProject section */

/* Begin PBXResourcesBuildPhase section */
		A273A663203107DA003EC6F4 /* Resources */ = {
			isa = PBXResourcesBuildPhase;
			buildActionMask = 2147483647;
			files = (
				A273A673203107DA003EC6F4 /* LaunchScreen.storyboard in Resources */,
				A29450AF203118030056D13A /* GoogleService-Info.plist in Resources */,
				A273A670203107DA003EC6F4 /* Assets.xcassets in Resources */,
				A273A66E203107DA003EC6F4 /* Main.storyboard in Resources */,
			);
			runOnlyForDeploymentPostprocessing = 0;
		};
/* End PBXResourcesBuildPhase section */

/* Begin PBXShellScriptBuildPhase section */
		63AEFD607A340950C4701BFA /* [CP] Copy Pods Resources */ = {
			isa = PBXShellScriptBuildPhase;
			buildActionMask = 2147483647;
			files = (
			);
			inputPaths = (
			);
			name = "[CP] Copy Pods Resources";
			outputPaths = (
			);
			runOnlyForDeploymentPostprocessing = 0;
			shellPath = /bin/sh;
			shellScript = "\"${SRCROOT}/Pods/Target Support Files/Pods-Firebase_start/Pods-Firebase_start-resources.sh\"\n";
			showEnvVarsInLog = 0;
		};
		A1BB3FC4CE3B1F5747A2042E /* [CP] Check Pods Manifest.lock */ = {
			isa = PBXShellScriptBuildPhase;
			buildActionMask = 2147483647;
			files = (
			);
			inputPaths = (
				"${PODS_PODFILE_DIR_PATH}/Podfile.lock",
				"${PODS_ROOT}/Manifest.lock",
			);
			name = "[CP] Check Pods Manifest.lock";
			outputPaths = (
				"$(DERIVED_FILE_DIR)/Pods-Firebase_start-checkManifestLockResult.txt",
			);
			runOnlyForDeploymentPostprocessing = 0;
			shellPath = /bin/sh;
			shellScript = "diff \"${PODS_PODFILE_DIR_PATH}/Podfile.lock\" \"${PODS_ROOT}/Manifest.lock\" > /dev/null\nif [ $? != 0 ] ; then\n    # print error to STDERR\n    echo \"error: The sandbox is not in sync with the Podfile.lock. Run 'pod install' or update your CocoaPods installation.\" >&2\n    exit 1\nfi\n# This output is used by Xcode 'outputs' to avoid re-running this script phase.\necho \"SUCCESS\" > \"${SCRIPT_OUTPUT_FILE_0}\"\n";
			showEnvVarsInLog = 0;
		};
		A62EB3DD7A9BA4DA1CC2C410 /* [CP] Embed Pods Frameworks */ = {
			isa = PBXShellScriptBuildPhase;
			buildActionMask = 2147483647;
			files = (
			);
			inputPaths = (
				"${SRCROOT}/Pods/Target Support Files/Pods-Firebase_start/Pods-Firebase_start-frameworks.sh",
				"${BUILT_PRODUCTS_DIR}/GTMSessionFetcher/GTMSessionFetcher.framework",
				"${BUILT_PRODUCTS_DIR}/GoogleToolboxForMac/GoogleToolboxForMac.framework",
				"${BUILT_PRODUCTS_DIR}/leveldb-library/leveldb.framework",
				"${BUILT_PRODUCTS_DIR}/nanopb/nanopb.framework",
			);
			name = "[CP] Embed Pods Frameworks";
			outputPaths = (
				"${TARGET_BUILD_DIR}/${FRAMEWORKS_FOLDER_PATH}/GTMSessionFetcher.framework",
				"${TARGET_BUILD_DIR}/${FRAMEWORKS_FOLDER_PATH}/GoogleToolboxForMac.framework",
				"${TARGET_BUILD_DIR}/${FRAMEWORKS_FOLDER_PATH}/leveldb.framework",
				"${TARGET_BUILD_DIR}/${FRAMEWORKS_FOLDER_PATH}/nanopb.framework",
			);
			runOnlyForDeploymentPostprocessing = 0;
			shellPath = /bin/sh;
			shellScript = "\"${SRCROOT}/Pods/Target Support Files/Pods-Firebase_start/Pods-Firebase_start-frameworks.sh\"\n";
			showEnvVarsInLog = 0;
		};
/* End PBXShellScriptBuildPhase section */

/* Begin PBXSourcesBuildPhase section */
		A273A661203107DA003EC6F4 /* Sources */ = {
			isa = PBXSourcesBuildPhase;
			buildActionMask = 2147483647;
			files = (
				A29450B120311C050056D13A /* EventBoardViewController.swift in Sources */,
				A273A66B203107DA003EC6F4 /* ViewController.swift in Sources */,
				A29450B320312DC50056D13A /* SignUpViewController.swift in Sources */,
				A273A669203107DA003EC6F4 /* AppDelegate.swift in Sources */,
			);
			runOnlyForDeploymentPostprocessing = 0;
		};
/* End PBXSourcesBuildPhase section */

/* Begin PBXVariantGroup section */
		A273A66C203107DA003EC6F4 /* Main.storyboard */ = {
			isa = PBXVariantGroup;
			children = (
				A273A66D203107DA003EC6F4 /* Base */,
			);
			name = Main.storyboard;
			sourceTree = "<group>";
		};
		A273A671203107DA003EC6F4 /* LaunchScreen.storyboard */ = {
			isa = PBXVariantGroup;
			children = (
				A273A672203107DA003EC6F4 /* Base */,
			);
			name = LaunchScreen.storyboard;
			sourceTree = "<group>";
		};
/* End PBXVariantGroup section */

/* Begin XCBuildConfiguration section */
		A273A675203107DA003EC6F4 /* Debug */ = {
			isa = XCBuildConfiguration;
			buildSettings = {
				ALWAYS_SEARCH_USER_PATHS = NO;
				CLANG_ANALYZER_NONNULL = YES;
				CLANG_ANALYZER_NUMBER_OBJECT_CONVERSION = YES_AGGRESSIVE;
				CLANG_CXX_LANGUAGE_STANDARD = "gnu++14";
				CLANG_CXX_LIBRARY = "libc++";
				CLANG_ENABLE_MODULES = YES;
				CLANG_ENABLE_OBJC_ARC = YES;
				CLANG_WARN_BLOCK_CAPTURE_AUTORELEASING = YES;
				CLANG_WARN_BOOL_CONVERSION = YES;
				CLANG_WARN_COMMA = YES;
				CLANG_WARN_CONSTANT_CONVERSION = YES;
				CLANG_WARN_DIRECT_OBJC_ISA_USAGE = YES_ERROR;
				CLANG_WARN_DOCUMENTATION_COMMENTS = YES;
				CLANG_WARN_EMPTY_BODY = YES;
				CLANG_WARN_ENUM_CONVERSION = YES;
				CLANG_WARN_INFINITE_RECURSION = YES;
				CLANG_WARN_INT_CONVERSION = YES;
				CLANG_WARN_NON_LITERAL_NULL_CONVERSION = YES;
				CLANG_WARN_OBJC_LITERAL_CONVERSION = YES;
				CLANG_WARN_OBJC_ROOT_CLASS = YES_ERROR;
				CLANG_WARN_RANGE_LOOP_ANALYSIS = YES;
				CLANG_WARN_STRICT_PROTOTYPES = YES;
				CLANG_WARN_SUSPICIOUS_MOVE = YES;
				CLANG_WARN_UNGUARDED_AVAILABILITY = YES_AGGRESSIVE;
				CLANG_WARN_UNREACHABLE_CODE = YES;
				CLANG_WARN__DUPLICATE_METHOD_MATCH = YES;
				CODE_SIGN_IDENTITY = "iPhone Developer";
				COPY_PHASE_STRIP = NO;
				DEBUG_INFORMATION_FORMAT = dwarf;
				ENABLE_STRICT_OBJC_MSGSEND = YES;
				ENABLE_TESTABILITY = YES;
				GCC_C_LANGUAGE_STANDARD = gnu11;
				GCC_DYNAMIC_NO_PIC = NO;
				GCC_NO_COMMON_BLOCKS = YES;
				GCC_OPTIMIZATION_LEVEL = 0;
				GCC_PREPROCESSOR_DEFINITIONS = (
					"DEBUG=1",
					"$(inherited)",
				);
				GCC_WARN_64_TO_32_BIT_CONVERSION = YES;
				GCC_WARN_ABOUT_RETURN_TYPE = YES_ERROR;
				GCC_WARN_UNDECLARED_SELECTOR = YES;
				GCC_WARN_UNINITIALIZED_AUTOS = YES_AGGRESSIVE;
				GCC_WARN_UNUSED_FUNCTION = YES;
				GCC_WARN_UNUSED_VARIABLE = YES;
				IPHONEOS_DEPLOYMENT_TARGET = 11.2;
				MTL_ENABLE_DEBUG_INFO = YES;
				ONLY_ACTIVE_ARCH = YES;
				SDKROOT = iphoneos;
				SWIFT_ACTIVE_COMPILATION_CONDITIONS = DEBUG;
				SWIFT_OPTIMIZATION_LEVEL = "-Onone";
			};
			name = Debug;
		};
		A273A676203107DA003EC6F4 /* Release */ = {
			isa = XCBuildConfiguration;
			buildSettings = {
				ALWAYS_SEARCH_USER_PATHS = NO;
				CLANG_ANALYZER_NONNULL = YES;
				CLANG_ANALYZER_NUMBER_OBJECT_CONVERSION = YES_AGGRESSIVE;
				CLANG_CXX_LANGUAGE_STANDARD = "gnu++14";
				CLANG_CXX_LIBRARY = "libc++";
				CLANG_ENABLE_MODULES = YES;
				CLANG_ENABLE_OBJC_ARC = YES;
				CLANG_WARN_BLOCK_CAPTURE_AUTORELEASING = YES;
				CLANG_WARN_BOOL_CONVERSION = YES;
				CLANG_WARN_COMMA = YES;
				CLANG_WARN_CONSTANT_CONVERSION = YES;
				CLANG_WARN_DIRECT_OBJC_ISA_USAGE = YES_ERROR;
				CLANG_WARN_DOCUMENTATION_COMMENTS = YES;
				CLANG_WARN_EMPTY_BODY = YES;
				CLANG_WARN_ENUM_CONVERSION = YES;
				CLANG_WARN_INFINITE_RECURSION = YES;
				CLANG_WARN_INT_CONVERSION = YES;
				CLANG_WARN_NON_LITERAL_NULL_CONVERSION = YES;
				CLANG_WARN_OBJC_LITERAL_CONVERSION = YES;
				CLANG_WARN_OBJC_ROOT_CLASS = YES_ERROR;
				CLANG_WARN_RANGE_LOOP_ANALYSIS = YES;
				CLANG_WARN_STRICT_PROTOTYPES = YES;
				CLANG_WARN_SUSPICIOUS_MOVE = YES;
				CLANG_WARN_UNGUARDED_AVAILABILITY = YES_AGGRESSIVE;
				CLANG_WARN_UNREACHABLE_CODE = YES;
				CLANG_WARN__DUPLICATE_METHOD_MATCH = YES;
				CODE_SIGN_IDENTITY = "iPhone Developer";
				COPY_PHASE_STRIP = NO;
				DEBUG_INFORMATION_FORMAT = "dwarf-with-dsym";
				ENABLE_NS_ASSERTIONS = NO;
				ENABLE_STRICT_OBJC_MSGSEND = YES;
				GCC_C_LANGUAGE_STANDARD = gnu11;
				GCC_NO_COMMON_BLOCKS = YES;
				GCC_WARN_64_TO_32_BIT_CONVERSION = YES;
				GCC_WARN_ABOUT_RETURN_TYPE = YES_ERROR;
				GCC_WARN_UNDECLARED_SELECTOR = YES;
				GCC_WARN_UNINITIALIZED_AUTOS = YES_AGGRESSIVE;
				GCC_WARN_UNUSED_FUNCTION = YES;
				GCC_WARN_UNUSED_VARIABLE = YES;
				IPHONEOS_DEPLOYMENT_TARGET = 11.2;
				MTL_ENABLE_DEBUG_INFO = NO;
				SDKROOT = iphoneos;
				SWIFT_OPTIMIZATION_LEVEL = "-Owholemodule";
				VALIDATE_PRODUCT = YES;
			};
			name = Release;
		};
		A273A678203107DA003EC6F4 /* Debug */ = {
			isa = XCBuildConfiguration;
			baseConfigurationReference = 0086120259B299AA0963A069 /* Pods-Firebase_start.debug.xcconfig */;
			buildSettings = {
				ASSETCATALOG_COMPILER_APPICON_NAME = AppIcon;
				CODE_SIGN_STYLE = Automatic;
				DEVELOPMENT_TEAM = 82874XFRSJ;
				INFOPLIST_FILE = Firebase_start/Info.plist;
				LD_RUNPATH_SEARCH_PATHS = "$(inherited) @executable_path/Frameworks";
				PRODUCT_BUNDLE_IDENTIFIER = "zhancheng.Firebase-start";
				PRODUCT_NAME = "$(TARGET_NAME)";
				SWIFT_VERSION = 4.0;
				TARGETED_DEVICE_FAMILY = "1,2";
			};
			name = Debug;
		};
		A273A679203107DA003EC6F4 /* Release */ = {
			isa = XCBuildConfiguration;
			baseConfigurationReference = 800417DBA3ACF23CF604597B /* Pods-Firebase_start.release.xcconfig */;
			buildSettings = {
				ASSETCATALOG_COMPILER_APPICON_NAME = AppIcon;
				CODE_SIGN_STYLE = Automatic;
				DEVELOPMENT_TEAM = 82874XFRSJ;
				INFOPLIST_FILE = Firebase_start/Info.plist;
				LD_RUNPATH_SEARCH_PATHS = "$(inherited) @executable_path/Frameworks";
				PRODUCT_BUNDLE_IDENTIFIER = "zhancheng.Firebase-start";
				PRODUCT_NAME = "$(TARGET_NAME)";
				SWIFT_VERSION = 4.0;
				TARGETED_DEVICE_FAMILY = "1,2";
			};
			name = Release;
		};
/* End XCBuildConfiguration section */

/* Begin XCConfigurationList section */
		A273A660203107DA003EC6F4 /* Build configuration list for PBXProject "Firebase_start" */ = {
			isa = XCConfigurationList;
			buildConfigurations = (
				A273A675203107DA003EC6F4 /* Debug */,
				A273A676203107DA003EC6F4 /* Release */,
			);
			defaultConfigurationIsVisible = 0;
			defaultConfigurationName = Release;
		};
		A273A677203107DA003EC6F4 /* Build configuration list for PBXNativeTarget "Firebase_start" */ = {
			isa = XCConfigurationList;
			buildConfigurations = (
				A273A678203107DA003EC6F4 /* Debug */,
				A273A679203107DA003EC6F4 /* Release */,
			);
			defaultConfigurationIsVisible = 0;
			defaultConfigurationName = Release;
		};
/* End XCConfigurationList section */
	};
	rootObject = A273A65D203107DA003EC6F4 /* Project object */;
}
